
Microsoft Visual Studio Solution File, Format Version 12.00
# Visual Studio Version 16
VisualStudioVersion = 16.0.32802.440
MinimumVisualStudioVersion = 10.0.40219.1
Project("{FAE04EC0-301F-11D3-BF4B-00C04F79EFBC}") = "1_PrintName", "1_PrintName\1_PrintName.csproj", "{729B4B43-531E-4A72-AE6C-618ED9A18758}"
EndProject
Global
	GlobalSection(SolutionConfigurationPlatforms) = preSolution
		Debug|Any CPU = Debug|Any CPU
		Release|Any CPU = Release|Any CPU
	EndGlobalSection
	GlobalSection(ProjectConfigurationPlatforms) = postSolution
		{729B4B43-531E-4A72-AE6C-618ED9A18758}.Debug|Any CPU.ActiveCfg = Debug|Any CPU
		{729B4B43-531E-4A72-AE6C-618ED9A18758}.Debug|Any CPU.Build.0 = Debug|Any CPU
		{729B4B43-531E-4A72-AE6C-618ED9A18758}.Release|Any CPU.ActiveCfg = Release|Any CPU
		{729B4B43-531E-4A72-AE6C-618ED9A18758}.Release|Any CPU.Build.0 = Release|Any CPU
	EndGlobalSection
	GlobalSection(SolutionProperties) = preSolution
		HideSolutionNode = FALSE
	EndGlobalSection
	GlobalSection(ExtensibilityGlobals) = postSolution
		SolutionGuid = {04B4E125-978B-4305-A20C-BE544C798D2F}
	EndGlobalSection
EndGlobal
