
Microsoft Visual Studio Solution File, Format Version 12.00
# Visual Studio Version 16
VisualStudioVersion = 16.0.32228.343
MinimumVisualStudioVersion = 10.0.40219.1
Project("{FAE04EC0-301F-11D3-BF4B-00C04F79EFBC}") = "4_Table", "4_Table\4_Table.csproj", "{EFDFFF32-EE8F-427B-8E17-3DE5C6905DA5}"
EndProject
Global
	GlobalSection(SolutionConfigurationPlatforms) = preSolution
		Debug|Any CPU = Debug|Any CPU
		Release|Any CPU = Release|Any CPU
	EndGlobalSection
	GlobalSection(ProjectConfigurationPlatforms) = postSolution
		{EFDFFF32-EE8F-427B-8E17-3DE5C6905DA5}.Debug|Any CPU.ActiveCfg = Debug|Any CPU
		{EFDFFF32-EE8F-427B-8E17-3DE5C6905DA5}.Debug|Any CPU.Build.0 = Debug|Any CPU
		{EFDFFF32-EE8F-427B-8E17-3DE5C6905DA5}.Release|Any CPU.ActiveCfg = Release|Any CPU
		{EFDFFF32-EE8F-427B-8E17-3DE5C6905DA5}.Release|Any CPU.Build.0 = Release|Any CPU
	EndGlobalSection
	GlobalSection(SolutionProperties) = preSolution
		HideSolutionNode = FALSE
	EndGlobalSection
	GlobalSection(ExtensibilityGlobals) = postSolution
		SolutionGuid = {831B2BD5-650A-4EA2-99C2-F65DDE9EFE1B}
	EndGlobalSection
EndGlobal
